// !$*UTF8*$!
{
	archiveVersion = 1;
	classes = {
	};
	objectVersion = 51;
	objects = {

/* Begin PBXBuildFile section */
		2C5E7A68255CF09B009CCA64 /* UIViewController+Extension.swift in Sources */ = {isa = PBXBuildFile; fileRef = 2C5E7A67255CF09B009CCA64 /* UIViewController+Extension.swift */; };
		2C5E7A75255CFD66009CCA64 /* UIApplication+Extension.swift in Sources */ = {isa = PBXBuildFile; fileRef = 2C5E7A74255CFD66009CCA64 /* UIApplication+Extension.swift */; };
		2CB7214E255C951C008BD3C2 /* AppDelegate.swift in Sources */ = {isa = PBXBuildFile; fileRef = 2CB7214D255C951C008BD3C2 /* AppDelegate.swift */; };
		2CB72152255C951C008BD3C2 /* ViewController.swift in Sources */ = {isa = PBXBuildFile; fileRef = 2CB72151255C951C008BD3C2 /* ViewController.swift */; };
		2CB72157255C951E008BD3C2 /* Assets.xcassets in Resources */ = {isa = PBXBuildFile; fileRef = 2CB72156255C951E008BD3C2 /* Assets.xcassets */; };
		2CB7215A255C951E008BD3C2 /* LaunchScreen.storyboard in Resources */ = {isa = PBXBuildFile; fileRef = 2CB72158255C951E008BD3C2 /* LaunchScreen.storyboard */; };
		2CB72165255C951E008BD3C2 /* SwiftExtensionsTests.swift in Sources */ = {isa = PBXBuildFile; fileRef = 2CB72164255C951E008BD3C2 /* SwiftExtensionsTests.swift */; };
		4066F542598E6204C7176183 /* Pods_SwiftExtensions.framework in Frameworks */ = {isa = PBXBuildFile; fileRef = 31B970560FF8A0F0238F8E67 /* Pods_SwiftExtensions.framework */; };
/* End PBXBuildFile section */

/* Begin PBXContainerItemProxy section */
		2CB72161255C951E008BD3C2 /* PBXContainerItemProxy */ = {
			isa = PBXContainerItemProxy;
			containerPortal = 2CB72142255C951C008BD3C2 /* Project object */;
			proxyType = 1;
			remoteGlobalIDString = 2CB72149255C951C008BD3C2;
			remoteInfo = SwiftExtensions;
		};
		2CB7216C255C951E008BD3C2 /* PBXContainerItemProxy */ = {
			isa = PBXContainerItemProxy;
			containerPortal = 2CB72142255C951C008BD3C2 /* Project object */;
			proxyType = 1;
			remoteGlobalIDString = 2CB72149255C951C008BD3C2;
			remoteInfo = SwiftExtensions;
		};
/* End PBXContainerItemProxy section */

/* Begin PBXFileReference section */
		17755151082251B8B516BA4A /* Pods-SwiftExtensions.debug.xcconfig */ = {isa = PBXFileReference; includeInIndex = 1; lastKnownFileType = text.xcconfig; name = "Pods-SwiftExtensions.debug.xcconfig"; path = "Target Support Files/Pods-SwiftExtensions/Pods-SwiftExtensions.debug.xcconfig"; sourceTree = "<group>"; };
		2C5E7A67255CF09B009CCA64 /* UIViewController+Extension.swift */ = {isa = PBXFileReference; lastKnownFileType = sourcecode.swift; path = "UIViewController+Extension.swift"; sourceTree = "<group>"; };
		2C5E7A74255CFD66009CCA64 /* UIApplication+Extension.swift */ = {isa = PBXFileReference; lastKnownFileType = sourcecode.swift; path = "UIApplication+Extension.swift"; sourceTree = "<group>"; };
		2CB7214A255C951C008BD3C2 /* SwiftExtensions.app */ = {isa = PBXFileReference; explicitFileType = wrapper.application; includeInIndex = 0; path = SwiftExtensions.app; sourceTree = BUILT_PRODUCTS_DIR; };
		2CB7214D255C951C008BD3C2 /* AppDelegate.swift */ = {isa = PBXFileReference; lastKnownFileType = sourcecode.swift; path = AppDelegate.swift; sourceTree = "<group>"; };
		2CB72151255C951C008BD3C2 /* ViewController.swift */ = {isa = PBXFileReference; lastKnownFileType = sourcecode.swift; path = ViewController.swift; sourceTree = "<group>"; };
		2CB72156255C951E008BD3C2 /* Assets.xcassets */ = {isa = PBXFileReference; lastKnownFileType = folder.assetcatalog; path = Assets.xcassets; sourceTree = "<group>"; };
		2CB72159255C951E008BD3C2 /* Base */ = {isa = PBXFileReference; lastKnownFileType = file.storyboard; name = Base; path = Base.lproj/LaunchScreen.storyboard; sourceTree = "<group>"; };
		2CB7215B255C951E008BD3C2 /* Info.plist */ = {isa = PBXFileReference; lastKnownFileType = text.plist.xml; path = Info.plist; sourceTree = "<group>"; };
		2CB72160255C951E008BD3C2 /* SwiftExtensionsTests.xctest */ = {isa = PBXFileReference; explicitFileType = wrapper.cfbundle; includeInIndex = 0; path = SwiftExtensionsTests.xctest; sourceTree = BUILT_PRODUCTS_DIR; };
		2CB72164255C951E008BD3C2 /* SwiftExtensionsTests.swift */ = {isa = PBXFileReference; lastKnownFileType = sourcecode.swift; path = SwiftExtensionsTests.swift; sourceTree = "<group>"; };
		2CB72166255C951E008BD3C2 /* Info.plist */ = {isa = PBXFileReference; lastKnownFileType = text.plist.xml; path = Info.plist; sourceTree = "<group>"; };
		2CB7216B255C951E008BD3C2 /* SwiftExtensionsUITests.xctest */ = {isa = PBXFileReference; explicitFileType = wrapper.cfbundle; includeInIndex = 0; path = SwiftExtensionsUITests.xctest; sourceTree = BUILT_PRODUCTS_DIR; };
		31B970560FF8A0F0238F8E67 /* Pods_SwiftExtensions.framework */ = {isa = PBXFileReference; explicitFileType = wrapper.framework; includeInIndex = 0; path = Pods_SwiftExtensions.framework; sourceTree = BUILT_PRODUCTS_DIR; };
		4E59F8CF7EC84B75DDAF50FA /* Pods-SwiftExtensions.release.xcconfig */ = {isa = PBXFileReference; includeInIndex = 1; lastKnownFileType = text.xcconfig; name = "Pods-SwiftExtensions.release.xcconfig"; path = "Target Support Files/Pods-SwiftExtensions/Pods-SwiftExtensions.release.xcconfig"; sourceTree = "<group>"; };
/* End PBXFileReference section */

/* Begin PBXFrameworksBuildPhase section */
		2CB72147255C951C008BD3C2 /* Frameworks */ = {
			isa = PBXFrameworksBuildPhase;
			buildActionMask = 2147483647;
			files = (
				4066F542598E6204C7176183 /* Pods_SwiftExtensions.framework in Frameworks */,
			);
			runOnlyForDeploymentPostprocessing = 0;
		};
		2CB7215D255C951E008BD3C2 /* Frameworks */ = {
			isa = PBXFrameworksBuildPhase;
			buildActionMask = 2147483647;
			files = (
			);
			runOnlyForDeploymentPostprocessing = 0;
		};
		2CB72168255C951E008BD3C2 /* Frameworks */ = {
			isa = PBXFrameworksBuildPhase;
			buildActionMask = 2147483647;
			files = (
			);
			runOnlyForDeploymentPostprocessing = 0;
		};
/* End PBXFrameworksBuildPhase section */

/* Begin PBXGroup section */
		2CB72141255C951C008BD3C2 = {
			isa = PBXGroup;
			children = (
				2CB7214C255C951C008BD3C2 /* SwiftExtensions */,
				2CB72163255C951E008BD3C2 /* SwiftExtensionsTests */,
				2CB7214B255C951C008BD3C2 /* Products */,
				2F425C5CA31707977A1859DD /* Pods */,
				5CF66E358165A3AC5773DD7B /* Frameworks */,
			);
			sourceTree = "<group>";
		};
		2CB7214B255C951C008BD3C2 /* Products */ = {
			isa = PBXGroup;
			children = (
				2CB7214A255C951C008BD3C2 /* SwiftExtensions.app */,
				2CB72160255C951E008BD3C2 /* SwiftExtensionsTests.xctest */,
				2CB7216B255C951E008BD3C2 /* SwiftExtensionsUITests.xctest */,
			);
			name = Products;
			sourceTree = "<group>";
		};
		2CB7214C255C951C008BD3C2 /* SwiftExtensions */ = {
			isa = PBXGroup;
			children = (
				2CB7214D255C951C008BD3C2 /* AppDelegate.swift */,
				2CB72151255C951C008BD3C2 /* ViewController.swift */,
				2CB72156255C951E008BD3C2 /* Assets.xcassets */,
				2CB72158255C951E008BD3C2 /* LaunchScreen.storyboard */,
				2CB7215B255C951E008BD3C2 /* Info.plist */,
				2C5E7A67255CF09B009CCA64 /* UIViewController+Extension.swift */,
				2C5E7A74255CFD66009CCA64 /* UIApplication+Extension.swift */,
			);
			path = SwiftExtensions;
			sourceTree = "<group>";
		};
		2CB72163255C951E008BD3C2 /* SwiftExtensionsTests */ = {
			isa = PBXGroup;
			children = (
				2CB72164255C951E008BD3C2 /* SwiftExtensionsTests.swift */,
				2CB72166255C951E008BD3C2 /* Info.plist */,
			);
			path = SwiftExtensionsTests;
			sourceTree = "<group>";
		};
		2F425C5CA31707977A1859DD /* Pods */ = {
			isa = PBXGroup;
			children = (
				17755151082251B8B516BA4A /* Pods-SwiftExtensions.debug.xcconfig */,
				4E59F8CF7EC84B75DDAF50FA /* Pods-SwiftExtensions.release.xcconfig */,
			);
			path = Pods;
			sourceTree = "<group>";
		};
		5CF66E358165A3AC5773DD7B /* Frameworks */ = {
			isa = PBXGroup;
			children = (
				31B970560FF8A0F0238F8E67 /* Pods_SwiftExtensions.framework */,
			);
			name = Frameworks;
			sourceTree = "<group>";
		};
/* End PBXGroup section */

/* Begin PBXNativeTarget section */
		2CB72149255C951C008BD3C2 /* SwiftExtensions */ = {
			isa = PBXNativeTarget;
			buildConfigurationList = 2CB72174255C951E008BD3C2 /* Build configuration list for PBXNativeTarget "SwiftExtensions" */;
			buildPhases = (
				9956BA4BC981395F89CD7EDD /* [CP] Check Pods Manifest.lock */,
				2CB72146255C951C008BD3C2 /* Sources */,
				2CB72147255C951C008BD3C2 /* Frameworks */,
				2CB72148255C951C008BD3C2 /* Resources */,
				9E4282026F6AD2E16A248E2C /* [CP] Embed Pods Frameworks */,
			);
			buildRules = (
			);
			dependencies = (
			);
			name = SwiftExtensions;
			productName = SwiftExtensions;
			productReference = 2CB7214A255C951C008BD3C2 /* SwiftExtensions.app */;
			productType = "com.apple.product-type.application";
		};
		2CB7215F255C951E008BD3C2 /* SwiftExtensionsTests */ = {
			isa = PBXNativeTarget;
			buildConfigurationList = 2CB72177255C951E008BD3C2 /* Build configuration list for PBXNativeTarget "SwiftExtensionsTests" */;
			buildPhases = (
				2CB7215C255C951E008BD3C2 /* Sources */,
				2CB7215D255C951E008BD3C2 /* Frameworks */,
				2CB7215E255C951E008BD3C2 /* Resources */,
			);
			buildRules = (
			);
			dependencies = (
				2CB72162255C951E008BD3C2 /* PBXTargetDependency */,
			);
			name = SwiftExtensionsTests;
			productName = SwiftExtensionsTests;
			productReference = 2CB72160255C951E008BD3C2 /* SwiftExtensionsTests.xctest */;
			productType = "com.apple.product-type.bundle.unit-test";
		};
		2CB7216A255C951E008BD3C2 /* SwiftExtensionsUITests */ = {
			isa = PBXNativeTarget;
			buildConfigurationList = 2CB7217A255C951E008BD3C2 /* Build configuration list for PBXNativeTarget "SwiftExtensionsUITests" */;
			buildPhases = (
				2CB72167255C951E008BD3C2 /* Sources */,
				2CB72168255C951E008BD3C2 /* Frameworks */,
				2CB72169255C951E008BD3C2 /* Resources */,
			);
			buildRules = (
			);
			dependencies = (
				2CB7216D255C951E008BD3C2 /* PBXTargetDependency */,
			);
			name = SwiftExtensionsUITests;
			productName = SwiftExtensionsUITests;
			productReference = 2CB7216B255C951E008BD3C2 /* SwiftExtensionsUITests.xctest */;
			productType = "com.apple.product-type.bundle.ui-testing";
		};
/* End PBXNativeTarget section */

/* Begin PBXProject section */
		2CB72142255C951C008BD3C2 /* Project object */ = {
			isa = PBXProject;
			attributes = {
				LastSwiftUpdateCheck = 1210;
				LastUpgradeCheck = 1210;
				TargetAttributes = {
					2CB72149255C951C008BD3C2 = {
						CreatedOnToolsVersion = 12.1;
					};
					2CB7215F255C951E008BD3C2 = {
						CreatedOnToolsVersion = 12.1;
						TestTargetID = 2CB72149255C951C008BD3C2;
					};
					2CB7216A255C951E008BD3C2 = {
						CreatedOnToolsVersion = 12.1;
						TestTargetID = 2CB72149255C951C008BD3C2;
					};
				};
			};
			buildConfigurationList = 2CB72145255C951C008BD3C2 /* Build configuration list for PBXProject "SwiftExtensions" */;
			compatibilityVersion = "Xcode 9.3";
			developmentRegion = en;
			hasScannedForEncodings = 0;
			knownRegions = (
				en,
				Base,
			);
			mainGroup = 2CB72141255C951C008BD3C2;
			productRefGroup = 2CB7214B255C951C008BD3C2 /* Products */;
			projectDirPath = "";
			projectRoot = "";
			targets = (
				2CB72149255C951C008BD3C2 /* SwiftExtensions */,
				2CB7215F255C951E008BD3C2 /* SwiftExtensionsTests */,
				2CB7216A255C951E008BD3C2 /* SwiftExtensionsUITests */,
			);
		};
/* End PBXProject section */

/* Begin PBXResourcesBuildPhase section */
		2CB72148255C951C008BD3C2 /* Resources */ = {
			isa = PBXResourcesBuildPhase;
			buildActionMask = 2147483647;
			files = (
				2CB7215A255C951E008BD3C2 /* LaunchScreen.storyboard in Resources */,
				2CB72157255C951E008BD3C2 /* Assets.xcassets in Resources */,
			);
			runOnlyForDeploymentPostprocessing = 0;
		};
		2CB7215E255C951E008BD3C2 /* Resources */ = {
			isa = PBXResourcesBuildPhase;
			buildActionMask = 2147483647;
			files = (
			);
			runOnlyForDeploymentPostprocessing = 0;
		};
		2CB72169255C951E008BD3C2 /* Resources */ = {
			isa = PBXResourcesBuildPhase;
			buildActionMask = 2147483647;
			files = (
			);
			runOnlyForDeploymentPostprocessing = 0;
		};
/* End PBXResourcesBuildPhase section */

/* Begin PBXShellScriptBuildPhase section */
		9956BA4BC981395F89CD7EDD /* [CP] Check Pods Manifest.lock */ = {
			isa = PBXShellScriptBuildPhase;
			buildActionMask = 2147483647;
			files = (
			);
			inputFileListPaths = (
			);
			inputPaths = (
				"${PODS_PODFILE_DIR_PATH}/Podfile.lock",
				"${PODS_ROOT}/Manifest.lock",
			);
			name = "[CP] Check Pods Manifest.lock";
			outputFileListPaths = (
			);
			outputPaths = (
				"$(DERIVED_FILE_DIR)/Pods-SwiftExtensions-checkManifestLockResult.txt",
			);
			runOnlyForDeploymentPostprocessing = 0;
			shellPath = /bin/sh;
			shellScript = "diff \"${PODS_PODFILE_DIR_PATH}/Podfile.lock\" \"${PODS_ROOT}/Manifest.lock\" > /dev/null\nif [ $? != 0 ] ; then\n    # print error to STDERR\n    echo \"error: The sandbox is not in sync with the Podfile.lock. Run 'pod install' or update your CocoaPods installation.\" >&2\n    exit 1\nfi\n# This output is used by Xcode 'outputs' to avoid re-running this script phase.\necho \"SUCCESS\" > \"${SCRIPT_OUTPUT_FILE_0}\"\n";
			showEnvVarsInLog = 0;
		};
		9E4282026F6AD2E16A248E2C /* [CP] Embed Pods Frameworks */ = {
			isa = PBXShellScriptBuildPhase;
			buildActionMask = 2147483647;
			files = (
			);
			inputFileListPaths = (
				"${PODS_ROOT}/Target Support Files/Pods-SwiftExtensions/Pods-SwiftExtensions-frameworks-${CONFIGURATION}-input-files.xcfilelist",
			);
			name = "[CP] Embed Pods Frameworks";
			outputFileListPaths = (
				"${PODS_ROOT}/Target Support Files/Pods-SwiftExtensions/Pods-SwiftExtensions-frameworks-${CONFIGURATION}-output-files.xcfilelist",
			);
			runOnlyForDeploymentPostprocessing = 0;
			shellPath = /bin/sh;
			shellScript = "\"${PODS_ROOT}/Target Support Files/Pods-SwiftExtensions/Pods-SwiftExtensions-frameworks.sh\"\n";
			showEnvVarsInLog = 0;
		};
/* End PBXShellScriptBuildPhase section */

/* Begin PBXSourcesBuildPhase section */
		2CB72146255C951C008BD3C2 /* Sources */ = {
			isa = PBXSourcesBuildPhase;
			buildActionMask = 2147483647;
			files = (
				2C5E7A68255CF09B009CCA64 /* UIViewController+Extension.swift in Sources */,
				2CB72152255C951C008BD3C2 /* ViewController.swift in Sources */,
				2C5E7A75255CFD66009CCA64 /* UIApplication+Extension.swift in Sources */,
				2CB7214E255C951C008BD3C2 /* AppDelegate.swift in Sources */,
			);
			runOnlyForDeploymentPostprocessing = 0;
		};
		2CB7215C255C951E008BD3C2 /* Sources */ = {
			isa = PBXSourcesBuildPhase;
			buildActionMask = 2147483647;
			files = (
				2CB72165255C951E008BD3C2 /* SwiftExtensionsTests.swift in Sources */,
			);
			runOnlyForDeploymentPostprocessing = 0;
		};
		2CB72167255C951E008BD3C2 /* Sources */ = {
			isa = PBXSourcesBuildPhase;
			buildActionMask = 2147483647;
			files = (
			);
			runOnlyForDeploymentPostprocessing = 0;
		};
/* End PBXSourcesBuildPhase section */

/* Begin PBXTargetDependency section */
		2CB72162255C951E008BD3C2 /* PBXTargetDependency */ = {
			isa = PBXTargetDependency;
			target = 2CB72149255C951C008BD3C2 /* SwiftExtensions */;
			targetProxy = 2CB72161255C951E008BD3C2 /* PBXContainerItemProxy */;
		};
		2CB7216D255C951E008BD3C2 /* PBXTargetDependency */ = {
			isa = PBXTargetDependency;
			target = 2CB72149255C951C008BD3C2 /* SwiftExtensions */;
			targetProxy = 2CB7216C255C951E008BD3C2 /* PBXContainerItemProxy */;
		};
/* End PBXTargetDependency section */

/* Begin PBXVariantGroup section */
		2CB72158255C951E008BD3C2 /* LaunchScreen.storyboard */ = {
			isa = PBXVariantGroup;
			children = (
				2CB72159255C951E008BD3C2 /* Base */,
			);
			name = LaunchScreen.storyboard;
			sourceTree = "<group>";
		};
/* End PBXVariantGroup section */

/* Begin XCBuildConfiguration section */
		2CB72172255C951E008BD3C2 /* Debug */ = {
			isa = XCBuildConfiguration;
			buildSettings = {
				ALWAYS_SEARCH_USER_PATHS = NO;
				CLANG_ANALYZER_NONNULL = YES;
				CLANG_ANALYZER_NUMBER_OBJECT_CONVERSION = YES_AGGRESSIVE;
				CLANG_CXX_LANGUAGE_STANDARD = "gnu++14";
				CLANG_CXX_LIBRARY = "libc++";
				CLANG_ENABLE_MODULES = YES;
				CLANG_ENABLE_OBJC_ARC = YES;
				CLANG_ENABLE_OBJC_WEAK = YES;
				CLANG_WARN_BLOCK_CAPTURE_AUTORELEASING = YES;
				CLANG_WARN_BOOL_CONVERSION = YES;
				CLANG_WARN_COMMA = YES;
				CLANG_WARN_CONSTANT_CONVERSION = YES;
				CLANG_WARN_DEPRECATED_OBJC_IMPLEMENTATIONS = YES;
				CLANG_WARN_DIRECT_OBJC_ISA_USAGE = YES_ERROR;
				CLANG_WARN_DOCUMENTATION_COMMENTS = YES;
				CLANG_WARN_EMPTY_BODY = YES;
				CLANG_WARN_ENUM_CONVERSION = YES;
				CLANG_WARN_INFINITE_RECURSION = YES;
				CLANG_WARN_INT_CONVERSION = YES;
				CLANG_WARN_NON_LITERAL_NULL_CONVERSION = YES;
				CLANG_WARN_OBJC_IMPLICIT_RETAIN_SELF = YES;
				CLANG_WARN_OBJC_LITERAL_CONVERSION = YES;
				CLANG_WARN_OBJC_ROOT_CLASS = YES_ERROR;
				CLANG_WARN_QUOTED_INCLUDE_IN_FRAMEWORK_HEADER = YES;
				CLANG_WARN_RANGE_LOOP_ANALYSIS = YES;
				CLANG_WARN_STRICT_PROTOTYPES = YES;
				CLANG_WARN_SUSPICIOUS_MOVE = YES;
				CLANG_WARN_UNGUARDED_AVAILABILITY = YES_AGGRESSIVE;
				CLANG_WARN_UNREACHABLE_CODE = YES;
				CLANG_WARN__DUPLICATE_METHOD_MATCH = YES;
				COPY_PHASE_STRIP = NO;
				DEBUG_INFORMATION_FORMAT = dwarf;
				ENABLE_STRICT_OBJC_MSGSEND = YES;
				ENABLE_TESTABILITY = YES;
				GCC_C_LANGUAGE_STANDARD = gnu11;
				GCC_DYNAMIC_NO_PIC = NO;
				GCC_NO_COMMON_BLOCKS = YES;
				GCC_OPTIMIZATION_LEVEL = 0;
				GCC_PREPROCESSOR_DEFINITIONS = (
					"DEBUG=1",
					"$(inherited)",
				);
				GCC_WARN_64_TO_32_BIT_CONVERSION = YES;
				GCC_WARN_ABOUT_RETURN_TYPE = YES_ERROR;
				GCC_WARN_UNDECLARED_SELECTOR = YES;
				GCC_WARN_UNINITIALIZED_AUTOS = YES_AGGRESSIVE;
				GCC_WARN_UNUSED_FUNCTION = YES;
				GCC_WARN_UNUSED_VARIABLE = YES;
				IPHONEOS_DEPLOYMENT_TARGET = 14.1;
				MTL_ENABLE_DEBUG_INFO = INCLUDE_SOURCE;
				MTL_FAST_MATH = YES;
				ONLY_ACTIVE_ARCH = YES;
				SDKROOT = iphoneos;
				SWIFT_ACTIVE_COMPILATION_CONDITIONS = DEBUG;
				SWIFT_OPTIMIZATION_LEVEL = "-Onone";
			};
			name = Debug;
		};
		2CB72173255C951E008BD3C2 /* Release */ = {
			isa = XCBuildConfiguration;
			buildSettings = {
				ALWAYS_SEARCH_USER_PATHS = NO;
				CLANG_ANALYZER_NONNULL = YES;
				CLANG_ANALYZER_NUMBER_OBJECT_CONVERSION = YES_AGGRESSIVE;
				CLANG_CXX_LANGUAGE_STANDARD = "gnu++14";
				CLANG_CXX_LIBRARY = "libc++";
				CLANG_ENABLE_MODULES = YES;
				CLANG_ENABLE_OBJC_ARC = YES;
				CLANG_ENABLE_OBJC_WEAK = YES;
				CLANG_WARN_BLOCK_CAPTURE_AUTORELEASING = YES;
				CLANG_WARN_BOOL_CONVERSION = YES;
				CLANG_WARN_COMMA = YES;
				CLANG_WARN_CONSTANT_CONVERSION = YES;
				CLANG_WARN_DEPRECATED_OBJC_IMPLEMENTATIONS = YES;
				CLANG_WARN_DIRECT_OBJC_ISA_USAGE = YES_ERROR;
				CLANG_WARN_DOCUMENTATION_COMMENTS = YES;
				CLANG_WARN_EMPTY_BODY = YES;
				CLANG_WARN_ENUM_CONVERSION = YES;
				CLANG_WARN_INFINITE_RECURSION = YES;
				CLANG_WARN_INT_CONVERSION = YES;
				CLANG_WARN_NON_LITERAL_NULL_CONVERSION = YES;
				CLANG_WARN_OBJC_IMPLICIT_RETAIN_SELF = YES;
				CLANG_WARN_OBJC_LITERAL_CONVERSION = YES;
				CLANG_WARN_OBJC_ROOT_CLASS = YES_ERROR;
				CLANG_WARN_QUOTED_INCLUDE_IN_FRAMEWORK_HEADER = YES;
				CLANG_WARN_RANGE_LOOP_ANALYSIS = YES;
				CLANG_WARN_STRICT_PROTOTYPES = YES;
				CLANG_WARN_SUSPICIOUS_MOVE = YES;
				CLANG_WARN_UNGUARDED_AVAILABILITY = YES_AGGRESSIVE;
				CLANG_WARN_UNREACHABLE_CODE = YES;
				CLANG_WARN__DUPLICATE_METHOD_MATCH = YES;
				COPY_PHASE_STRIP = NO;
				DEBUG_INFORMATION_FORMAT = "dwarf-with-dsym";
				ENABLE_NS_ASSERTIONS = NO;
				ENABLE_STRICT_OBJC_MSGSEND = YES;
				GCC_C_LANGUAGE_STANDARD = gnu11;
				GCC_NO_COMMON_BLOCKS = YES;
				GCC_WARN_64_TO_32_BIT_CONVERSION = YES;
				GCC_WARN_ABOUT_RETURN_TYPE = YES_ERROR;
				GCC_WARN_UNDECLARED_SELECTOR = YES;
				GCC_WARN_UNINITIALIZED_AUTOS = YES_AGGRESSIVE;
				GCC_WARN_UNUSED_FUNCTION = YES;
				GCC_WARN_UNUSED_VARIABLE = YES;
				IPHONEOS_DEPLOYMENT_TARGET = 14.1;
				MTL_ENABLE_DEBUG_INFO = NO;
				MTL_FAST_MATH = YES;
				SDKROOT = iphoneos;
				SWIFT_COMPILATION_MODE = wholemodule;
				SWIFT_OPTIMIZATION_LEVEL = "-O";
				VALIDATE_PRODUCT = YES;
			};
			name = Release;
		};
		2CB72175255C951E008BD3C2 /* Debug */ = {
			isa = XCBuildConfiguration;
			baseConfigurationReference = 17755151082251B8B516BA4A /* Pods-SwiftExtensions.debug.xcconfig */;
			buildSettings = {
				ASSETCATALOG_COMPILER_APPICON_NAME = AppIcon;
				ASSETCATALOG_COMPILER_GLOBAL_ACCENT_COLOR_NAME = AccentColor;
				CODE_SIGN_STYLE = Automatic;
				INFOPLIST_FILE = SwiftExtensions/Info.plist;
				LD_RUNPATH_SEARCH_PATHS = (
					"$(inherited)",
					"@executable_path/Frameworks",
				);
				PRODUCT_BUNDLE_IDENTIFIER = com.Divya.SwiftExtensions.SwiftExtensions;
				PRODUCT_NAME = "$(TARGET_NAME)";
				SWIFT_VERSION = 5.0;
				TARGETED_DEVICE_FAMILY = "1,2";
			};
			name = Debug;
		};
		2CB72176255C951E008BD3C2 /* Release */ = {
			isa = XCBuildConfiguration;
			baseConfigurationReference = 4E59F8CF7EC84B75DDAF50FA /* Pods-SwiftExtensions.release.xcconfig */;
			buildSettings = {
				ASSETCATALOG_COMPILER_APPICON_NAME = AppIcon;
				ASSETCATALOG_COMPILER_GLOBAL_ACCENT_COLOR_NAME = AccentColor;
				CODE_SIGN_STYLE = Automatic;
				INFOPLIST_FILE = SwiftExtensions/Info.plist;
				LD_RUNPATH_SEARCH_PATHS = (
					"$(inherited)",
					"@executable_path/Frameworks",
				);
				PRODUCT_BUNDLE_IDENTIFIER = com.Divya.SwiftExtensions.SwiftExtensions;
				PRODUCT_NAME = "$(TARGET_NAME)";
				SWIFT_VERSION = 5.0;
				TARGETED_DEVICE_FAMILY = "1,2";
			};
			name = Release;
		};
		2CB72178255C951E008BD3C2 /* Debug */ = {
			isa = XCBuildConfiguration;
			buildSettings = {
				ALWAYS_EMBED_SWIFT_STANDARD_LIBRARIES = YES;
				BUNDLE_LOADER = "$(TEST_HOST)";
				CODE_SIGN_STYLE = Automatic;
				INFOPLIST_FILE = SwiftExtensionsTests/Info.plist;
				IPHONEOS_DEPLOYMENT_TARGET = 14.1;
				LD_RUNPATH_SEARCH_PATHS = (
					"$(inherited)",
					"@executable_path/Frameworks",
					"@loader_path/Frameworks",
				);
				PRODUCT_BUNDLE_IDENTIFIER = com.Divya.SwiftExtensions.SwiftExtensionsTests;
				PRODUCT_NAME = "$(TARGET_NAME)";
				SWIFT_VERSION = 5.0;
				TARGETED_DEVICE_FAMILY = "1,2";
				TEST_HOST = "$(BUILT_PRODUCTS_DIR)/SwiftExtensions.app/SwiftExtensions";
			};
			name = Debug;
		};
		2CB72179255C951E008BD3C2 /* Release */ = {
			isa = XCBuildConfiguration;
			buildSettings = {
				ALWAYS_EMBED_SWIFT_STANDARD_LIBRARIES = YES;
				BUNDLE_LOADER = "$(TEST_HOST)";
				CODE_SIGN_STYLE = Automatic;
				INFOPLIST_FILE = SwiftExtensionsTests/Info.plist;
				IPHONEOS_DEPLOYMENT_TARGET = 14.1;
				LD_RUNPATH_SEARCH_PATHS = (
					"$(inherited)",
					"@executable_path/Frameworks",
					"@loader_path/Frameworks",
				);
				PRODUCT_BUNDLE_IDENTIFIER = com.Divya.SwiftExtensions.SwiftExtensionsTests;
				PRODUCT_NAME = "$(TARGET_NAME)";
				SWIFT_VERSION = 5.0;
				TARGETED_DEVICE_FAMILY = "1,2";
				TEST_HOST = "$(BUILT_PRODUCTS_DIR)/SwiftExtensions.app/SwiftExtensions";
			};
			name = Release;
		};
		2CB7217B255C951E008BD3C2 /* Debug */ = {
			isa = XCBuildConfiguration;
			buildSettings = {
				ALWAYS_EMBED_SWIFT_STANDARD_LIBRARIES = YES;
				CODE_SIGN_STYLE = Automatic;
				INFOPLIST_FILE = SwiftExtensionsUITests/Info.plist;
				LD_RUNPATH_SEARCH_PATHS = (
					"$(inherited)",
					"@executable_path/Frameworks",
					"@loader_path/Frameworks",
				);
				PRODUCT_BUNDLE_IDENTIFIER = com.Divya.SwiftExtensions.SwiftExtensionsUITests;
				PRODUCT_NAME = "$(TARGET_NAME)";
				SWIFT_VERSION = 5.0;
				TARGETED_DEVICE_FAMILY = "1,2";
				TEST_TARGET_NAME = SwiftExtensions;
			};
			name = Debug;
		};
		2CB7217C255C951E008BD3C2 /* Release */ = {
			isa = XCBuildConfiguration;
			buildSettings = {
				ALWAYS_EMBED_SWIFT_STANDARD_LIBRARIES = YES;
				CODE_SIGN_STYLE = Automatic;
				INFOPLIST_FILE = SwiftExtensionsUITests/Info.plist;
				LD_RUNPATH_SEARCH_PATHS = (
					"$(inherited)",
					"@executable_path/Frameworks",
					"@loader_path/Frameworks",
				);
				PRODUCT_BUNDLE_IDENTIFIER = com.Divya.SwiftExtensions.SwiftExtensionsUITests;
				PRODUCT_NAME = "$(TARGET_NAME)";
				SWIFT_VERSION = 5.0;
				TARGETED_DEVICE_FAMILY = "1,2";
				TEST_TARGET_NAME = SwiftExtensions;
			};
			name = Release;
		};
/* End XCBuildConfiguration section */

/* Begin XCConfigurationList section */
		2CB72145255C951C008BD3C2 /* Build configuration list for PBXProject "SwiftExtensions" */ = {
			isa = XCConfigurationList;
			buildConfigurations = (
				2CB72172255C951E008BD3C2 /* Debug */,
				2CB72173255C951E008BD3C2 /* Release */,
			);
			defaultConfigurationIsVisible = 0;
			defaultConfigurationName = Release;
		};
		2CB72174255C951E008BD3C2 /* Build configuration list for PBXNativeTarget "SwiftExtensions" */ = {
			isa = XCConfigurationList;
			buildConfigurations = (
				2CB72175255C951E008BD3C2 /* Debug */,
				2CB72176255C951E008BD3C2 /* Release */,
			);
			defaultConfigurationIsVisible = 0;
			defaultConfigurationName = Release;
		};
		2CB72177255C951E008BD3C2 /* Build configuration list for PBXNativeTarget "SwiftExtensionsTests" */ = {
			isa = XCConfigurationList;
			buildConfigurations = (
				2CB72178255C951E008BD3C2 /* Debug */,
				2CB72179255C951E008BD3C2 /* Release */,
			);
			defaultConfigurationIsVisible = 0;
			defaultConfigurationName = Release;
		};
		2CB7217A255C951E008BD3C2 /* Build configuration list for PBXNativeTarget "SwiftExtensionsUITests" */ = {
			isa = XCConfigurationList;
			buildConfigurations = (
				2CB7217B255C951E008BD3C2 /* Debug */,
				2CB7217C255C951E008BD3C2 /* Release */,
			);
			defaultConfigurationIsVisible = 0;
			defaultConfigurationName = Release;
		};
/* End XCConfigurationList section */
	};
	rootObject = 2CB72142255C951C008BD3C2 /* Project object */;
}
